
Microsoft Visual Studio Solution File, Format Version 12.00
# Visual Studio Version 16
VisualStudioVersion = 16.0.31702.278
MinimumVisualStudioVersion = 10.0.40219.1
Project("{2150E333-8FDC-42A3-9474-1A3956D46DE8}") = "1. Presentation Layer", "1. Presentation Layer", "{DC020B1E-786B-4BE9-8B01-C0BB874C3DFF}"
EndProject
Project("{2150E333-8FDC-42A3-9474-1A3956D46DE8}") = "2. Business Layer", "2. Business Layer", "{67B46072-A159-4348-B0EE-7BA7B49B746A}"
EndProject
Project("{2150E333-8FDC-42A3-9474-1A3956D46DE8}") = "3. Data Layer", "3. Data Layer", "{42E5F209-7BED-4FB0-9B9D-FFBA4B7EB435}"
EndProject
Project("{9A19103F-16F7-4668-BE54-9A1E7A4F7556}") = "DAOLibrary", "DAOLibrary\DAOLibrary.csproj", "{242BE442-D3BB-4635-BC0A-6957F64C4CD9}"
EndProject
Project("{9A19103F-16F7-4668-BE54-9A1E7A4F7556}") = "DTOLibrary", "DTOLibrary\DTOLibrary.csproj", "{51B84863-39CF-4BF5-B519-CDC4F9F2ABC4}"
EndProject
Project("{9A19103F-16F7-4668-BE54-9A1E7A4F7556}") = "HOVStory", "HOVStory\HOVStory.csproj", "{5534DEDD-6BC3-4CEA-8974-1AF74A2D22AD}"
EndProject
Project("{9A19103F-16F7-4668-BE54-9A1E7A4F7556}") = "DTOTest", "DTOTest\DTOTest.csproj", "{6D9EF78D-D8AB-4B97-BA64-A096CF8826C4}"
EndProject
Project("{2150E333-8FDC-42A3-9474-1A3956D46DE8}") = "4. Unit Test", "4. Unit Test", "{F17359A7-F545-47B5-B71C-8A9F27C747F2}"
EndProject
Project("{2150E333-8FDC-42A3-9474-1A3956D46DE8}") = "5. Configuration", "5. Configuration", "{280D45CC-0B57-4FB2-BE1B-E684D308CB19}"
EndProject
Project("{9A19103F-16F7-4668-BE54-9A1E7A4F7556}") = "HOVStoryConfiguration", "HOVStoryConfiguration\HOVStoryConfiguration.csproj", "{4F776D22-0751-4C17-A657-B54A2BC44B79}"
EndProject
Global
	GlobalSection(SolutionConfigurationPlatforms) = preSolution
		Debug|Any CPU = Debug|Any CPU
		Release|Any CPU = Release|Any CPU
	EndGlobalSection
	GlobalSection(ProjectConfigurationPlatforms) = postSolution
		{242BE442-D3BB-4635-BC0A-6957F64C4CD9}.Debug|Any CPU.ActiveCfg = Debug|Any CPU
		{242BE442-D3BB-4635-BC0A-6957F64C4CD9}.Debug|Any CPU.Build.0 = Debug|Any CPU
		{242BE442-D3BB-4635-BC0A-6957F64C4CD9}.Release|Any CPU.ActiveCfg = Release|Any CPU
		{242BE442-D3BB-4635-BC0A-6957F64C4CD9}.Release|Any CPU.Build.0 = Release|Any CPU
		{51B84863-39CF-4BF5-B519-CDC4F9F2ABC4}.Debug|Any CPU.ActiveCfg = Debug|Any CPU
		{51B84863-39CF-4BF5-B519-CDC4F9F2ABC4}.Debug|Any CPU.Build.0 = Debug|Any CPU
		{51B84863-39CF-4BF5-B519-CDC4F9F2ABC4}.Release|Any CPU.ActiveCfg = Release|Any CPU
		{51B84863-39CF-4BF5-B519-CDC4F9F2ABC4}.Release|Any CPU.Build.0 = Release|Any CPU
		{5534DEDD-6BC3-4CEA-8974-1AF74A2D22AD}.Debug|Any CPU.ActiveCfg = Debug|Any CPU
		{5534DEDD-6BC3-4CEA-8974-1AF74A2D22AD}.Debug|Any CPU.Build.0 = Debug|Any CPU
		{5534DEDD-6BC3-4CEA-8974-1AF74A2D22AD}.Release|Any CPU.ActiveCfg = Release|Any CPU
		{5534DEDD-6BC3-4CEA-8974-1AF74A2D22AD}.Release|Any CPU.Build.0 = Release|Any CPU
		{6D9EF78D-D8AB-4B97-BA64-A096CF8826C4}.Debug|Any CPU.ActiveCfg = Debug|Any CPU
		{6D9EF78D-D8AB-4B97-BA64-A096CF8826C4}.Debug|Any CPU.Build.0 = Debug|Any CPU
		{6D9EF78D-D8AB-4B97-BA64-A096CF8826C4}.Release|Any CPU.ActiveCfg = Release|Any CPU
		{6D9EF78D-D8AB-4B97-BA64-A096CF8826C4}.Release|Any CPU.Build.0 = Release|Any CPU
		{4F776D22-0751-4C17-A657-B54A2BC44B79}.Debug|Any CPU.ActiveCfg = Debug|Any CPU
		{4F776D22-0751-4C17-A657-B54A2BC44B79}.Debug|Any CPU.Build.0 = Debug|Any CPU
		{4F776D22-0751-4C17-A657-B54A2BC44B79}.Release|Any CPU.ActiveCfg = Release|Any CPU
		{4F776D22-0751-4C17-A657-B54A2BC44B79}.Release|Any CPU.Build.0 = Release|Any CPU
	EndGlobalSection
	GlobalSection(SolutionProperties) = preSolution
		HideSolutionNode = FALSE
	EndGlobalSection
	GlobalSection(NestedProjects) = preSolution
		{242BE442-D3BB-4635-BC0A-6957F64C4CD9} = {42E5F209-7BED-4FB0-9B9D-FFBA4B7EB435}
		{51B84863-39CF-4BF5-B519-CDC4F9F2ABC4} = {67B46072-A159-4348-B0EE-7BA7B49B746A}
		{5534DEDD-6BC3-4CEA-8974-1AF74A2D22AD} = {DC020B1E-786B-4BE9-8B01-C0BB874C3DFF}
		{6D9EF78D-D8AB-4B97-BA64-A096CF8826C4} = {F17359A7-F545-47B5-B71C-8A9F27C747F2}
		{4F776D22-0751-4C17-A657-B54A2BC44B79} = {280D45CC-0B57-4FB2-BE1B-E684D308CB19}
	EndGlobalSection
	GlobalSection(ExtensibilityGlobals) = postSolution
		SolutionGuid = {2C30C94F-C91C-45A7-B3F5-A3B25D03C4EC}
	EndGlobalSection
EndGlobal
